
Microsoft Visual Studio Solution File, Format Version 12.00
# Visual Studio Version 16
VisualStudioVersion = 16.0.30621.155
MinimumVisualStudioVersion = 10.0.40219.1
Project("{FAE04EC0-301F-11D3-BF4B-00C04F79EFBC}") = "CredentialsFactory", "CredentialsFactory\CredentialsFactory.csproj", "{7AF88BD6-05C0-4E3D-AAE1-A34F43269587}"
EndProject
Project("{FAE04EC0-301F-11D3-BF4B-00C04F79EFBC}") = "TestFactoryMethod", "TestFactoryMethod\TestFactoryMethod.csproj", "{30D34EBF-4049-4314-8A74-991E068430EB}"
EndProject
Global
	GlobalSection(SolutionConfigurationPlatforms) = preSolution
		Debug|Any CPU = Debug|Any CPU
		Release|Any CPU = Release|Any CPU
	EndGlobalSection
	GlobalSection(ProjectConfigurationPlatforms) = postSolution
		{7AF88BD6-05C0-4E3D-AAE1-A34F43269587}.Debug|Any CPU.ActiveCfg = Debug|Any CPU
		{7AF88BD6-05C0-4E3D-AAE1-A34F43269587}.Debug|Any CPU.Build.0 = Debug|Any CPU
		{7AF88BD6-05C0-4E3D-AAE1-A34F43269587}.Release|Any CPU.ActiveCfg = Release|Any CPU
		{7AF88BD6-05C0-4E3D-AAE1-A34F43269587}.Release|Any CPU.Build.0 = Release|Any CPU
		{30D34EBF-4049-4314-8A74-991E068430EB}.Debug|Any CPU.ActiveCfg = Debug|Any CPU
		{30D34EBF-4049-4314-8A74-991E068430EB}.Debug|Any CPU.Build.0 = Debug|Any CPU
		{30D34EBF-4049-4314-8A74-991E068430EB}.Release|Any CPU.ActiveCfg = Release|Any CPU
		{30D34EBF-4049-4314-8A74-991E068430EB}.Release|Any CPU.Build.0 = Release|Any CPU
	EndGlobalSection
	GlobalSection(SolutionProperties) = preSolution
		HideSolutionNode = FALSE
	EndGlobalSection
	GlobalSection(ExtensibilityGlobals) = postSolution
		SolutionGuid = {A6F8184A-A02E-4295-AB9D-A97AE65E9E79}
	EndGlobalSection
EndGlobal
